Microsoft Visual Studio Solution File, Format Version 11.00
# Visual Studio 2008

Project("{253C87DB-4C77-7D10-F62E-ABA1C88DBC1C}") = "Order66", "Assembly-CSharp.csproj", "{91FE1B7B-CE79-528C-88F1-F61ED94A2BE0}"
EndProject
Global
	GlobalSection(SolutionConfigurationPlatforms) = preSolution
		Debug|Any CPU = Debug|Any CPU
		Release|Any CPU = Release|Any CPU
	EndGlobalSection
	GlobalSection(ProjectConfigurationPlatforms) = postSolution
		{91FE1B7B-CE79-528C-88F1-F61ED94A2BE0}.Debug|Any CPU.ActiveCfg = Debug|Any CPU
		{91FE1B7B-CE79-528C-88F1-F61ED94A2BE0}.Debug|Any CPU.Build.0 = Debug|Any CPU
		{91FE1B7B-CE79-528C-88F1-F61ED94A2BE0}.Release|Any CPU.ActiveCfg = Release|Any CPU
		{91FE1B7B-CE79-528C-88F1-F61ED94A2BE0}.Release|Any CPU.Build.0 = Release|Any CPU
	EndGlobalSection
	GlobalSection(SolutionProperties) = preSolution
		HideSolutionNode = FALSE
	EndGlobalSection
																												GlobalSection(MonoDevelopProperties) = preSolution
		StartupItem = Assembly-CSharp.csproj
		Policies = $0
		$0.TextStylePolicy = $1
		$1.inheritsSet = null
		$1.scope = text/x-csharp
		$0.CSharpFormattingPolicy = $2
		$2.inheritsSet = Mono
		$2.inheritsScope = text/x-csharp
		$2.scope = text/x-csharp
		$0.TextStylePolicy = $3
		$3.FileWidth = 120
		$3.TabWidth = 4
		$3.IndentWidth = 4
		$3.EolMarker = Unix
		$3.inheritsSet = Mono
		$3.inheritsScope = text/plain
		$3.scope = text/plain
	EndGlobalSection

EndGlobal
